PODS:
  - Charts (3.4.0):
    - Charts/Core (= 3.4.0)
  - Charts/Core (3.4.0)
  - DropDown (2.3.13)

DEPENDENCIES:
  - Charts
  - DropDown

SPEC REPOS:
  trunk:
    - Charts
    - DropDown

SPEC CHECKSUMS:
  Charts: 74c9f256eaf0460c0c416522d1cf8c634ea6b286
  DropDown: 8a2116376c1981888557f72ec2ffc9a5e0e456ec

PODFILE CHECKSUM: dbcb99dd618745874cb669e523648ca90f75edd5

COCOAPODS: 1.9.1
