// !$*UTF8*$!
{
	archiveVersion = 1;
	classes = {
	};
	objectVersion = 51;
	objects = {

/* Begin PBXBuildFile section */
		03D2273AA1F03550D6FAB713 /* Pods_StockSymbolsTests.framework in Frameworks */ = {isa = PBXBuildFile; fileRef = 384F4B7C2DE16E95A211E7FE /* Pods_StockSymbolsTests.framework */; };
		110B647D24455058005492AD /* Stock.swift in Sources */ = {isa = PBXBuildFile; fileRef = 110B647C24455058005492AD /* Stock.swift */; };
		110B64812445541F005492AD /* StockRoute.swift in Sources */ = {isa = PBXBuildFile; fileRef = 110B64802445541F005492AD /* StockRoute.swift */; };
		110B648324455432005492AD /* SymbolNetworkingService.swift in Sources */ = {isa = PBXBuildFile; fileRef = 110B648224455432005492AD /* SymbolNetworkingService.swift */; };
		110B64872445586D005492AD /* SymbolDetailsViewController.swift in Sources */ = {isa = PBXBuildFile; fileRef = 110B64852445586D005492AD /* SymbolDetailsViewController.swift */; };
		110B64882445586D005492AD /* SymbolDetailsViewController.xib in Resources */ = {isa = PBXBuildFile; fileRef = 110B64862445586D005492AD /* SymbolDetailsViewController.xib */; };
		110B648A24455893005492AD /* SymbolDetailsViewModel.swift in Sources */ = {isa = PBXBuildFile; fileRef = 110B648924455893005492AD /* SymbolDetailsViewModel.swift */; };
		110B648C2446004A005492AD /* StockDataProcessed.swift in Sources */ = {isa = PBXBuildFile; fileRef = 110B648B2446004A005492AD /* StockDataProcessed.swift */; };
		110B64902446061E005492AD /* SymbolDetailTableViewCell.swift in Sources */ = {isa = PBXBuildFile; fileRef = 110B648E2446061E005492AD /* SymbolDetailTableViewCell.swift */; };
		110B64912446061E005492AD /* SymbolDetailTableViewCell.xib in Resources */ = {isa = PBXBuildFile; fileRef = 110B648F2446061E005492AD /* SymbolDetailTableViewCell.xib */; };
		110B64952446076F005492AD /* UITableViewCell.swift in Sources */ = {isa = PBXBuildFile; fileRef = 110B64942446076F005492AD /* UITableViewCell.swift */; };
		1124BCF62444FCF900AA6F2C /* AppDelegate.swift in Sources */ = {isa = PBXBuildFile; fileRef = 1124BCF52444FCF900AA6F2C /* AppDelegate.swift */; };
		1124BCF82444FCF900AA6F2C /* SceneDelegate.swift in Sources */ = {isa = PBXBuildFile; fileRef = 1124BCF72444FCF900AA6F2C /* SceneDelegate.swift */; };
		1124BCFF2444FCFD00AA6F2C /* Assets.xcassets in Resources */ = {isa = PBXBuildFile; fileRef = 1124BCFE2444FCFD00AA6F2C /* Assets.xcassets */; };
		1124BD022444FCFD00AA6F2C /* LaunchScreen.storyboard in Resources */ = {isa = PBXBuildFile; fileRef = 1124BD002444FCFD00AA6F2C /* LaunchScreen.storyboard */; };
		1124BD0D2444FCFD00AA6F2C /* StockSymbolsTests.swift in Sources */ = {isa = PBXBuildFile; fileRef = 1124BD0C2444FCFD00AA6F2C /* StockSymbolsTests.swift */; };
		1124BD182444FCFD00AA6F2C /* StockSymbolsUITests.swift in Sources */ = {isa = PBXBuildFile; fileRef = 1124BD172444FCFD00AA6F2C /* StockSymbolsUITests.swift */; };
		1124BD292444FD6000AA6F2C /* SymbolTableViewCell.swift in Sources */ = {isa = PBXBuildFile; fileRef = 1124BD272444FD6000AA6F2C /* SymbolTableViewCell.swift */; };
		1124BD2A2444FD6000AA6F2C /* SymbolTableViewCell.xib in Resources */ = {isa = PBXBuildFile; fileRef = 1124BD282444FD6000AA6F2C /* SymbolTableViewCell.xib */; };
		1124BD2D2444FD9400AA6F2C /* SymbolsListViewController.swift in Sources */ = {isa = PBXBuildFile; fileRef = 1124BD2B2444FD9400AA6F2C /* SymbolsListViewController.swift */; };
		1124BD2E2444FD9400AA6F2C /* SymbolsListViewController.xib in Resources */ = {isa = PBXBuildFile; fileRef = 1124BD2C2444FD9400AA6F2C /* SymbolsListViewController.xib */; };
		1124BD302445095400AA6F2C /* SymbolsListViewModel.swift in Sources */ = {isa = PBXBuildFile; fileRef = 1124BD2F2445095400AA6F2C /* SymbolsListViewModel.swift */; };
		1124BD3824450A1500AA6F2C /* NetworkingService.swift in Sources */ = {isa = PBXBuildFile; fileRef = 1124BD3424450A1500AA6F2C /* NetworkingService.swift */; };
		1124BD3924450A1500AA6F2C /* NetworkError.swift in Sources */ = {isa = PBXBuildFile; fileRef = 1124BD3524450A1500AA6F2C /* NetworkError.swift */; };
		1124BD3A24450A1500AA6F2C /* NetworkRouter.swift in Sources */ = {isa = PBXBuildFile; fileRef = 1124BD3624450A1500AA6F2C /* NetworkRouter.swift */; };
		1124BD3F24450A6700AA6F2C /* SymbolsRouter.swift in Sources */ = {isa = PBXBuildFile; fileRef = 1124BD3E24450A6700AA6F2C /* SymbolsRouter.swift */; };
		1124BD4124450A7E00AA6F2C /* SymbolsListService.swift in Sources */ = {isa = PBXBuildFile; fileRef = 1124BD4024450A7E00AA6F2C /* SymbolsListService.swift */; };
		1124BD4324450E5800AA6F2C /* Symbols.swift in Sources */ = {isa = PBXBuildFile; fileRef = 1124BD4224450E5800AA6F2C /* Symbols.swift */; };
		1168C6202446265600B5B919 /* StockRange.swift in Sources */ = {isa = PBXBuildFile; fileRef = 1168C61F2446265600B5B919 /* StockRange.swift */; };
		11842C3124460C9C00932E7A /* ChartTableViewCell.swift in Sources */ = {isa = PBXBuildFile; fileRef = 11842C2F24460C9C00932E7A /* ChartTableViewCell.swift */; };
		11842C3224460C9C00932E7A /* ChartTableViewCell.xib in Resources */ = {isa = PBXBuildFile; fileRef = 11842C3024460C9C00932E7A /* ChartTableViewCell.xib */; };
		11ECD1A22446488B0011FB47 /* UIViewController.swift in Sources */ = {isa = PBXBuildFile; fileRef = 11ECD1A12446488B0011FB47 /* UIViewController.swift */; };
		11ECD1A4244658C10011FB47 /* Connectivity.swift in Sources */ = {isa = PBXBuildFile; fileRef = 11ECD1A3244658C10011FB47 /* Connectivity.swift */; };
		1BE45AD0791C570B274A321C /* Pods_StockSymbols_StockSymbolsUITests.framework in Frameworks */ = {isa = PBXBuildFile; fileRef = 478BC5E0F6F4B51BCE9A35EF /* Pods_StockSymbols_StockSymbolsUITests.framework */; };
		2CFA2155762A83EAB9075B51 /* Pods_StockSymbols.framework in Frameworks */ = {isa = PBXBuildFile; fileRef = F619627F5F2483505028B1DF /* Pods_StockSymbols.framework */; };
/* End PBXBuildFile section */

/* Begin PBXContainerItemProxy section */
		1124BD092444FCFD00AA6F2C /* PBXContainerItemProxy */ = {
			isa = PBXContainerItemProxy;
			containerPortal = 1124BCEA2444FCF800AA6F2C /* Project object */;
			proxyType = 1;
			remoteGlobalIDString = 1124BCF12444FCF800AA6F2C;
			remoteInfo = StockSymbols;
		};
		1124BD142444FCFD00AA6F2C /* PBXContainerItemProxy */ = {
			isa = PBXContainerItemProxy;
			containerPortal = 1124BCEA2444FCF800AA6F2C /* Project object */;
			proxyType = 1;
			remoteGlobalIDString = 1124BCF12444FCF800AA6F2C;
			remoteInfo = StockSymbols;
		};
/* End PBXContainerItemProxy section */

/* Begin PBXFileReference section */
		110B647C24455058005492AD /* Stock.swift */ = {isa = PBXFileReference; lastKnownFileType = sourcecode.swift; path = Stock.swift; sourceTree = "<group>"; };
		110B64802445541F005492AD /* StockRoute.swift */ = {isa = PBXFileReference; lastKnownFileType = sourcecode.swift; path = StockRoute.swift; sourceTree = "<group>"; };
		110B648224455432005492AD /* SymbolNetworkingService.swift */ = {isa = PBXFileReference; lastKnownFileType = sourcecode.swift; path = SymbolNetworkingService.swift; sourceTree = "<group>"; };
		110B64852445586D005492AD /* SymbolDetailsViewController.swift */ = {isa = PBXFileReference; lastKnownFileType = sourcecode.swift; path = SymbolDetailsViewController.swift; sourceTree = "<group>"; };
		110B64862445586D005492AD /* SymbolDetailsViewController.xib */ = {isa = PBXFileReference; lastKnownFileType = file.xib; path = SymbolDetailsViewController.xib; sourceTree = "<group>"; };
		110B648924455893005492AD /* SymbolDetailsViewModel.swift */ = {isa = PBXFileReference; lastKnownFileType = sourcecode.swift; path = SymbolDetailsViewModel.swift; sourceTree = "<group>"; };
		110B648B2446004A005492AD /* StockDataProcessed.swift */ = {isa = PBXFileReference; lastKnownFileType = sourcecode.swift; path = StockDataProcessed.swift; sourceTree = "<group>"; };
		110B648E2446061E005492AD /* SymbolDetailTableViewCell.swift */ = {isa = PBXFileReference; lastKnownFileType = sourcecode.swift; path = SymbolDetailTableViewCell.swift; sourceTree = "<group>"; };
		110B648F2446061E005492AD /* SymbolDetailTableViewCell.xib */ = {isa = PBXFileReference; lastKnownFileType = file.xib; path = SymbolDetailTableViewCell.xib; sourceTree = "<group>"; };
		110B64942446076F005492AD /* UITableViewCell.swift */ = {isa = PBXFileReference; lastKnownFileType = sourcecode.swift; path = UITableViewCell.swift; sourceTree = "<group>"; };
		1124BCF22444FCF800AA6F2C /* StockSymbols.app */ = {isa = PBXFileReference; explicitFileType = wrapper.application; includeInIndex = 0; path = StockSymbols.app; sourceTree = BUILT_PRODUCTS_DIR; };
		1124BCF52444FCF900AA6F2C /* AppDelegate.swift */ = {isa = PBXFileReference; lastKnownFileType = sourcecode.swift; path = AppDelegate.swift; sourceTree = "<group>"; };
		1124BCF72444FCF900AA6F2C /* SceneDelegate.swift */ = {isa = PBXFileReference; lastKnownFileType = sourcecode.swift; path = SceneDelegate.swift; sourceTree = "<group>"; };
		1124BCFE2444FCFD00AA6F2C /* Assets.xcassets */ = {isa = PBXFileReference; lastKnownFileType = folder.assetcatalog; path = Assets.xcassets; sourceTree = "<group>"; };
		1124BD012444FCFD00AA6F2C /* Base */ = {isa = PBXFileReference; lastKnownFileType = file.storyboard; name = Base; path = Base.lproj/LaunchScreen.storyboard; sourceTree = "<group>"; };
		1124BD032444FCFD00AA6F2C /* Info.plist */ = {isa = PBXFileReference; lastKnownFileType = text.plist.xml; path = Info.plist; sourceTree = "<group>"; };
		1124BD082444FCFD00AA6F2C /* StockSymbolsTests.xctest */ = {isa = PBXFileReference; explicitFileType = wrapper.cfbundle; includeInIndex = 0; path = StockSymbolsTests.xctest; sourceTree = BUILT_PRODUCTS_DIR; };
		1124BD0C2444FCFD00AA6F2C /* StockSymbolsTests.swift */ = {isa = PBXFileReference; lastKnownFileType = sourcecode.swift; path = StockSymbolsTests.swift; sourceTree = "<group>"; };
		1124BD0E2444FCFD00AA6F2C /* Info.plist */ = {isa = PBXFileReference; lastKnownFileType = text.plist.xml; path = Info.plist; sourceTree = "<group>"; };
		1124BD132444FCFD00AA6F2C /* StockSymbolsUITests.xctest */ = {isa = PBXFileReference; explicitFileType = wrapper.cfbundle; includeInIndex = 0; path = StockSymbolsUITests.xctest; sourceTree = BUILT_PRODUCTS_DIR; };
		1124BD172444FCFD00AA6F2C /* StockSymbolsUITests.swift */ = {isa = PBXFileReference; lastKnownFileType = sourcecode.swift; path = StockSymbolsUITests.swift; sourceTree = "<group>"; };
		1124BD192444FCFD00AA6F2C /* Info.plist */ = {isa = PBXFileReference; lastKnownFileType = text.plist.xml; path = Info.plist; sourceTree = "<group>"; };
		1124BD272444FD6000AA6F2C /* SymbolTableViewCell.swift */ = {isa = PBXFileReference; lastKnownFileType = sourcecode.swift; path = SymbolTableViewCell.swift; sourceTree = "<group>"; };
		1124BD282444FD6000AA6F2C /* SymbolTableViewCell.xib */ = {isa = PBXFileReference; lastKnownFileType = file.xib; path = SymbolTableViewCell.xib; sourceTree = "<group>"; };
		1124BD2B2444FD9400AA6F2C /* SymbolsListViewController.swift */ = {isa = PBXFileReference; lastKnownFileType = sourcecode.swift; path = SymbolsListViewController.swift; sourceTree = "<group>"; };
		1124BD2C2444FD9400AA6F2C /* SymbolsListViewController.xib */ = {isa = PBXFileReference; lastKnownFileType = file.xib; path = SymbolsListViewController.xib; sourceTree = "<group>"; };
		1124BD2F2445095400AA6F2C /* SymbolsListViewModel.swift */ = {isa = PBXFileReference; lastKnownFileType = sourcecode.swift; path = SymbolsListViewModel.swift; sourceTree = "<group>"; };
		1124BD3424450A1500AA6F2C /* NetworkingService.swift */ = {isa = PBXFileReference; fileEncoding = 4; lastKnownFileType = sourcecode.swift; path = NetworkingService.swift; sourceTree = "<group>"; };
		1124BD3524450A1500AA6F2C /* NetworkError.swift */ = {isa = PBXFileReference; fileEncoding = 4; lastKnownFileType = sourcecode.swift; path = NetworkError.swift; sourceTree = "<group>"; };
		1124BD3624450A1500AA6F2C /* NetworkRouter.swift */ = {isa = PBXFileReference; fileEncoding = 4; lastKnownFileType = sourcecode.swift; path = NetworkRouter.swift; sourceTree = "<group>"; };
		1124BD3E24450A6700AA6F2C /* SymbolsRouter.swift */ = {isa = PBXFileReference; lastKnownFileType = sourcecode.swift; path = SymbolsRouter.swift; sourceTree = "<group>"; };
		1124BD4024450A7E00AA6F2C /* SymbolsListService.swift */ = {isa = PBXFileReference; lastKnownFileType = sourcecode.swift; path = SymbolsListService.swift; sourceTree = "<group>"; };
		1124BD4224450E5800AA6F2C /* Symbols.swift */ = {isa = PBXFileReference; lastKnownFileType = sourcecode.swift; path = Symbols.swift; sourceTree = "<group>"; };
		1168C61F2446265600B5B919 /* StockRange.swift */ = {isa = PBXFileReference; lastKnownFileType = sourcecode.swift; path = StockRange.swift; sourceTree = "<group>"; };
		11842C2F24460C9C00932E7A /* ChartTableViewCell.swift */ = {isa = PBXFileReference; lastKnownFileType = sourcecode.swift; path = ChartTableViewCell.swift; sourceTree = "<group>"; };
		11842C3024460C9C00932E7A /* ChartTableViewCell.xib */ = {isa = PBXFileReference; lastKnownFileType = file.xib; path = ChartTableViewCell.xib; sourceTree = "<group>"; };
		11ECD1A12446488B0011FB47 /* UIViewController.swift */ = {isa = PBXFileReference; lastKnownFileType = sourcecode.swift; path = UIViewController.swift; sourceTree = "<group>"; };
		11ECD1A3244658C10011FB47 /* Connectivity.swift */ = {isa = PBXFileReference; fileEncoding = 4; lastKnownFileType = sourcecode.swift; path = Connectivity.swift; sourceTree = "<group>"; };
		271559622D84D2C93CC8B3D8 /* Pods-StockSymbols.debug.xcconfig */ = {isa = PBXFileReference; includeInIndex = 1; lastKnownFileType = text.xcconfig; name = "Pods-StockSymbols.debug.xcconfig"; path = "Target Support Files/Pods-StockSymbols/Pods-StockSymbols.debug.xcconfig"; sourceTree = "<group>"; };
		384F4B7C2DE16E95A211E7FE /* Pods_StockSymbolsTests.framework */ = {isa = PBXFileReference; explicitFileType = wrapper.framework; includeInIndex = 0; path = Pods_StockSymbolsTests.framework; sourceTree = BUILT_PRODUCTS_DIR; };
		3D747ECBB3C89C6C4B3A3AA1 /* Pods-StockSymbols-StockSymbolsUITests.release.xcconfig */ = {isa = PBXFileReference; includeInIndex = 1; lastKnownFileType = text.xcconfig; name = "Pods-StockSymbols-StockSymbolsUITests.release.xcconfig"; path = "Target Support Files/Pods-StockSymbols-StockSymbolsUITests/Pods-StockSymbols-StockSymbolsUITests.release.xcconfig"; sourceTree = "<group>"; };
		478BC5E0F6F4B51BCE9A35EF /* Pods_StockSymbols_StockSymbolsUITests.framework */ = {isa = PBXFileReference; explicitFileType = wrapper.framework; includeInIndex = 0; path = Pods_StockSymbols_StockSymbolsUITests.framework; sourceTree = BUILT_PRODUCTS_DIR; };
		53DC7096C7AEFB2DE4FE4DBC /* Pods-StockSymbols-StockSymbolsUITests.debug.xcconfig */ = {isa = PBXFileReference; includeInIndex = 1; lastKnownFileType = text.xcconfig; name = "Pods-StockSymbols-StockSymbolsUITests.debug.xcconfig"; path = "Target Support Files/Pods-StockSymbols-StockSymbolsUITests/Pods-StockSymbols-StockSymbolsUITests.debug.xcconfig"; sourceTree = "<group>"; };
		7EBF4B50640FCA1F4B71D1D9 /* Pods-StockSymbols.release.xcconfig */ = {isa = PBXFileReference; includeInIndex = 1; lastKnownFileType = text.xcconfig; name = "Pods-StockSymbols.release.xcconfig"; path = "Target Support Files/Pods-StockSymbols/Pods-StockSymbols.release.xcconfig"; sourceTree = "<group>"; };
		BDB7B80366E2C811C9ABB46C /* Pods-StockSymbolsTests.debug.xcconfig */ = {isa = PBXFileReference; includeInIndex = 1; lastKnownFileType = text.xcconfig; name = "Pods-StockSymbolsTests.debug.xcconfig"; path = "Target Support Files/Pods-StockSymbolsTests/Pods-StockSymbolsTests.debug.xcconfig"; sourceTree = "<group>"; };
		C5A287F137CDF123ACCC6894 /* Pods-StockSymbolsTests.release.xcconfig */ = {isa = PBXFileReference; includeInIndex = 1; lastKnownFileType = text.xcconfig; name = "Pods-StockSymbolsTests.release.xcconfig"; path = "Target Support Files/Pods-StockSymbolsTests/Pods-StockSymbolsTests.release.xcconfig"; sourceTree = "<group>"; };
		F619627F5F2483505028B1DF /* Pods_StockSymbols.framework */ = {isa = PBXFileReference; explicitFileType = wrapper.framework; includeInIndex = 0; path = Pods_StockSymbols.framework; sourceTree = BUILT_PRODUCTS_DIR; };
/* End PBXFileReference section */

/* Begin PBXFrameworksBuildPhase section */
		1124BCEF2444FCF800AA6F2C /* Frameworks */ = {
			isa = PBXFrameworksBuildPhase;
			buildActionMask = 2147483647;
			files = (
				2CFA2155762A83EAB9075B51 /* Pods_StockSymbols.framework in Frameworks */,
			);
			runOnlyForDeploymentPostprocessing = 0;
		};
		1124BD052444FCFD00AA6F2C /* Frameworks */ = {
			isa = PBXFrameworksBuildPhase;
			buildActionMask = 2147483647;
			files = (
				03D2273AA1F03550D6FAB713 /* Pods_StockSymbolsTests.framework in Frameworks */,
			);
			runOnlyForDeploymentPostprocessing = 0;
		};
		1124BD102444FCFD00AA6F2C /* Frameworks */ = {
			isa = PBXFrameworksBuildPhase;
			buildActionMask = 2147483647;
			files = (
				1BE45AD0791C570B274A321C /* Pods_StockSymbols_StockSymbolsUITests.framework in Frameworks */,
			);
			runOnlyForDeploymentPostprocessing = 0;
		};
/* End PBXFrameworksBuildPhase section */

/* Begin PBXGroup section */
		110B647E24455402005492AD /* SymbolDetails */ = {
			isa = PBXGroup;
			children = (
				110B64802445541F005492AD /* StockRoute.swift */,
				110B648224455432005492AD /* SymbolNetworkingService.swift */,
			);
			path = SymbolDetails;
			sourceTree = "<group>";
		};
		110B648424455593005492AD /* SymbolDetails */ = {
			isa = PBXGroup;
			children = (
				110B648D24460608005492AD /* Cell */,
				110B64852445586D005492AD /* SymbolDetailsViewController.swift */,
				110B64862445586D005492AD /* SymbolDetailsViewController.xib */,
				110B648924455893005492AD /* SymbolDetailsViewModel.swift */,
				110B648B2446004A005492AD /* StockDataProcessed.swift */,
				1168C61F2446265600B5B919 /* StockRange.swift */,
			);
			path = SymbolDetails;
			sourceTree = "<group>";
		};
		110B648D24460608005492AD /* Cell */ = {
			isa = PBXGroup;
			children = (
				110B648E2446061E005492AD /* SymbolDetailTableViewCell.swift */,
				110B648F2446061E005492AD /* SymbolDetailTableViewCell.xib */,
				11842C2F24460C9C00932E7A /* ChartTableViewCell.swift */,
				11842C3024460C9C00932E7A /* ChartTableViewCell.xib */,
			);
			path = Cell;
			sourceTree = "<group>";
		};
		110B649224460759005492AD /* Extensions */ = {
			isa = PBXGroup;
			children = (
				110B64932446075F005492AD /* UIKit */,
			);
			path = Extensions;
			sourceTree = "<group>";
		};
		110B64932446075F005492AD /* UIKit */ = {
			isa = PBXGroup;
			children = (
				110B64942446076F005492AD /* UITableViewCell.swift */,
				11ECD1A12446488B0011FB47 /* UIViewController.swift */,
			);
			path = UIKit;
			sourceTree = "<group>";
		};
		1124BCE92444FCF800AA6F2C = {
			isa = PBXGroup;
			children = (
				1124BCF42444FCF800AA6F2C /* StockSymbols */,
				1124BD0B2444FCFD00AA6F2C /* StockSymbolsTests */,
				1124BD162444FCFD00AA6F2C /* StockSymbolsUITests */,
				1124BCF32444FCF800AA6F2C /* Products */,
				AEDE05280C15117264553107 /* Pods */,
				A89496F29CD64775646E1526 /* Frameworks */,
			);
			sourceTree = "<group>";
		};
		1124BCF32444FCF800AA6F2C /* Products */ = {
			isa = PBXGroup;
			children = (
				1124BCF22444FCF800AA6F2C /* StockSymbols.app */,
				1124BD082444FCFD00AA6F2C /* StockSymbolsTests.xctest */,
				1124BD132444FCFD00AA6F2C /* StockSymbolsUITests.xctest */,
			);
			name = Products;
			sourceTree = "<group>";
		};
		1124BCF42444FCF800AA6F2C /* StockSymbols */ = {
			isa = PBXGroup;
			children = (
				110B649224460759005492AD /* Extensions */,
				1124BD33244509F400AA6F2C /* Model */,
				1124BD32244509DE00AA6F2C /* Networking */,
				1124BD31244509A300AA6F2C /* Resources */,
				1124BD252444FD1700AA6F2C /* Symbols List */,
				110B648424455593005492AD /* SymbolDetails */,
				1124BD032444FCFD00AA6F2C /* Info.plist */,
			);
			path = StockSymbols;
			sourceTree = "<group>";
		};
		1124BD0B2444FCFD00AA6F2C /* StockSymbolsTests */ = {
			isa = PBXGroup;
			children = (
				1124BD0C2444FCFD00AA6F2C /* StockSymbolsTests.swift */,
				1124BD0E2444FCFD00AA6F2C /* Info.plist */,
			);
			path = StockSymbolsTests;
			sourceTree = "<group>";
		};
		1124BD162444FCFD00AA6F2C /* StockSymbolsUITests */ = {
			isa = PBXGroup;
			children = (
				1124BD172444FCFD00AA6F2C /* StockSymbolsUITests.swift */,
				1124BD192444FCFD00AA6F2C /* Info.plist */,
			);
			path = StockSymbolsUITests;
			sourceTree = "<group>";
		};
		1124BD252444FD1700AA6F2C /* Symbols List */ = {
			isa = PBXGroup;
			children = (
				1124BD262444FD2300AA6F2C /* Cell */,
				1124BD2B2444FD9400AA6F2C /* SymbolsListViewController.swift */,
				1124BD2C2444FD9400AA6F2C /* SymbolsListViewController.xib */,
				1124BD2F2445095400AA6F2C /* SymbolsListViewModel.swift */,
			);
			path = "Symbols List";
			sourceTree = "<group>";
		};
		1124BD262444FD2300AA6F2C /* Cell */ = {
			isa = PBXGroup;
			children = (
				1124BD272444FD6000AA6F2C /* SymbolTableViewCell.swift */,
				1124BD282444FD6000AA6F2C /* SymbolTableViewCell.xib */,
			);
			path = Cell;
			sourceTree = "<group>";
		};
		1124BD31244509A300AA6F2C /* Resources */ = {
			isa = PBXGroup;
			children = (
				1124BCFE2444FCFD00AA6F2C /* Assets.xcassets */,
				1124BD002444FCFD00AA6F2C /* LaunchScreen.storyboard */,
				1124BCF52444FCF900AA6F2C /* AppDelegate.swift */,
				1124BCF72444FCF900AA6F2C /* SceneDelegate.swift */,
			);
			path = Resources;
			sourceTree = "<group>";
		};
		1124BD32244509DE00AA6F2C /* Networking */ = {
			isa = PBXGroup;
			children = (
				110B647E24455402005492AD /* SymbolDetails */,
				1124BD3D24450A4E00AA6F2C /* TrendingSymbols */,
				1124BD3C24450A3A00AA6F2C /* Core */,
			);
			path = Networking;
			sourceTree = "<group>";
		};
		1124BD33244509F400AA6F2C /* Model */ = {
			isa = PBXGroup;
			children = (
				1124BD4224450E5800AA6F2C /* Symbols.swift */,
				110B647C24455058005492AD /* Stock.swift */,
			);
			path = Model;
			sourceTree = "<group>";
		};
		1124BD3C24450A3A00AA6F2C /* Core */ = {
			isa = PBXGroup;
			children = (
				1124BD3524450A1500AA6F2C /* NetworkError.swift */,
				1124BD3424450A1500AA6F2C /* NetworkingService.swift */,
				1124BD3624450A1500AA6F2C /* NetworkRouter.swift */,
				11ECD1A3244658C10011FB47 /* Connectivity.swift */,
			);
			path = Core;
			sourceTree = "<group>";
		};
		1124BD3D24450A4E00AA6F2C /* TrendingSymbols */ = {
			isa = PBXGroup;
			children = (
				1124BD3E24450A6700AA6F2C /* SymbolsRouter.swift */,
				1124BD4024450A7E00AA6F2C /* SymbolsListService.swift */,
			);
			path = TrendingSymbols;
			sourceTree = "<group>";
		};
		A89496F29CD64775646E1526 /* Frameworks */ = {
			isa = PBXGroup;
			children = (
				F619627F5F2483505028B1DF /* Pods_StockSymbols.framework */,
				478BC5E0F6F4B51BCE9A35EF /* Pods_StockSymbols_StockSymbolsUITests.framework */,
				384F4B7C2DE16E95A211E7FE /* Pods_StockSymbolsTests.framework */,
			);
			name = Frameworks;
			sourceTree = "<group>";
		};
		AEDE05280C15117264553107 /* Pods */ = {
			isa = PBXGroup;
			children = (
				271559622D84D2C93CC8B3D8 /* Pods-StockSymbols.debug.xcconfig */,
				7EBF4B50640FCA1F4B71D1D9 /* Pods-StockSymbols.release.xcconfig */,
				53DC7096C7AEFB2DE4FE4DBC /* Pods-StockSymbols-StockSymbolsUITests.debug.xcconfig */,
				3D747ECBB3C89C6C4B3A3AA1 /* Pods-StockSymbols-StockSymbolsUITests.release.xcconfig */,
				BDB7B80366E2C811C9ABB46C /* Pods-StockSymbolsTests.debug.xcconfig */,
				C5A287F137CDF123ACCC6894 /* Pods-StockSymbolsTests.release.xcconfig */,
			);
			path = Pods;
			sourceTree = "<group>";
		};
/* End PBXGroup section */

/* Begin PBXNativeTarget section */
		1124BCF12444FCF800AA6F2C /* StockSymbols */ = {
			isa = PBXNativeTarget;
			buildConfigurationList = 1124BD1C2444FCFD00AA6F2C /* Build configuration list for PBXNativeTarget "StockSymbols" */;
			buildPhases = (
				9BF77E5E4FE716152F5F935C /* [CP] Check Pods Manifest.lock */,
				1124BCEE2444FCF800AA6F2C /* Sources */,
				1124BCEF2444FCF800AA6F2C /* Frameworks */,
				1124BCF02444FCF800AA6F2C /* Resources */,
				6436987ABF640A28EA01FF36 /* [CP] Embed Pods Frameworks */,
			);
			buildRules = (
			);
			dependencies = (
			);
			name = StockSymbols;
			productName = StockSymbols;
			productReference = 1124BCF22444FCF800AA6F2C /* StockSymbols.app */;
			productType = "com.apple.product-type.application";
		};
		1124BD072444FCFD00AA6F2C /* StockSymbolsTests */ = {
			isa = PBXNativeTarget;
			buildConfigurationList = 1124BD1F2444FCFD00AA6F2C /* Build configuration list for PBXNativeTarget "StockSymbolsTests" */;
			buildPhases = (
				AA493C64BAB8A9E988748A37 /* [CP] Check Pods Manifest.lock */,
				1124BD042444FCFD00AA6F2C /* Sources */,
				1124BD052444FCFD00AA6F2C /* Frameworks */,
				1124BD062444FCFD00AA6F2C /* Resources */,
			);
			buildRules = (
			);
			dependencies = (
				1124BD0A2444FCFD00AA6F2C /* PBXTargetDependency */,
			);
			name = StockSymbolsTests;
			productName = StockSymbolsTests;
			productReference = 1124BD082444FCFD00AA6F2C /* StockSymbolsTests.xctest */;
			productType = "com.apple.product-type.bundle.unit-test";
		};
		1124BD122444FCFD00AA6F2C /* StockSymbolsUITests */ = {
			isa = PBXNativeTarget;
			buildConfigurationList = 1124BD222444FCFD00AA6F2C /* Build configuration list for PBXNativeTarget "StockSymbolsUITests" */;
			buildPhases = (
				A74C186208EB931FB07001B1 /* [CP] Check Pods Manifest.lock */,
				1124BD0F2444FCFD00AA6F2C /* Sources */,
				1124BD102444FCFD00AA6F2C /* Frameworks */,
				1124BD112444FCFD00AA6F2C /* Resources */,
				AAA0424C4B6CFF2F2F1B14DE /* [CP] Embed Pods Frameworks */,
			);
			buildRules = (
			);
			dependencies = (
				1124BD152444FCFD00AA6F2C /* PBXTargetDependency */,
			);
			name = StockSymbolsUITests;
			productName = StockSymbolsUITests;
			productReference = 1124BD132444FCFD00AA6F2C /* StockSymbolsUITests.xctest */;
			productType = "com.apple.product-type.bundle.ui-testing";
		};
/* End PBXNativeTarget section */

/* Begin PBXProject section */
		1124BCEA2444FCF800AA6F2C /* Project object */ = {
			isa = PBXProject;
			attributes = {
				LastSwiftUpdateCheck = 1140;
				LastUpgradeCheck = 1140;
				ORGANIZATIONNAME = "Anastasia Rodzik";
				TargetAttributes = {
					1124BCF12444FCF800AA6F2C = {
						CreatedOnToolsVersion = 11.4;
					};
					1124BD072444FCFD00AA6F2C = {
						CreatedOnToolsVersion = 11.4;
						TestTargetID = 1124BCF12444FCF800AA6F2C;
					};
					1124BD122444FCFD00AA6F2C = {
						CreatedOnToolsVersion = 11.4;
						TestTargetID = 1124BCF12444FCF800AA6F2C;
					};
				};
			};
			buildConfigurationList = 1124BCED2444FCF800AA6F2C /* Build configuration list for PBXProject "StockSymbols" */;
			compatibilityVersion = "Xcode 9.3";
			developmentRegion = en;
			hasScannedForEncodings = 0;
			knownRegions = (
				en,
				Base,
			);
			mainGroup = 1124BCE92444FCF800AA6F2C;
			productRefGroup = 1124BCF32444FCF800AA6F2C /* Products */;
			projectDirPath = "";
			projectRoot = "";
			targets = (
				1124BCF12444FCF800AA6F2C /* StockSymbols */,
				1124BD072444FCFD00AA6F2C /* StockSymbolsTests */,
				1124BD122444FCFD00AA6F2C /* StockSymbolsUITests */,
			);
		};
/* End PBXProject section */

/* Begin PBXResourcesBuildPhase section */
		1124BCF02444FCF800AA6F2C /* Resources */ = {
			isa = PBXResourcesBuildPhase;
			buildActionMask = 2147483647;
			files = (
				1124BD022444FCFD00AA6F2C /* LaunchScreen.storyboard in Resources */,
				1124BD2A2444FD6000AA6F2C /* SymbolTableViewCell.xib in Resources */,
				110B64912446061E005492AD /* SymbolDetailTableViewCell.xib in Resources */,
				1124BD2E2444FD9400AA6F2C /* SymbolsListViewController.xib in Resources */,
				11842C3224460C9C00932E7A /* ChartTableViewCell.xib in Resources */,
				1124BCFF2444FCFD00AA6F2C /* Assets.xcassets in Resources */,
				110B64882445586D005492AD /* SymbolDetailsViewController.xib in Resources */,
			);
			runOnlyForDeploymentPostprocessing = 0;
		};
		1124BD062444FCFD00AA6F2C /* Resources */ = {
			isa = PBXResourcesBuildPhase;
			buildActionMask = 2147483647;
			files = (
			);
			runOnlyForDeploymentPostprocessing = 0;
		};
		1124BD112444FCFD00AA6F2C /* Resources */ = {
			isa = PBXResourcesBuildPhase;
			buildActionMask = 2147483647;
			files = (
			);
			runOnlyForDeploymentPostprocessing = 0;
		};
/* End PBXResourcesBuildPhase section */

/* Begin PBXShellScriptBuildPhase section */
		6436987ABF640A28EA01FF36 /* [CP] Embed Pods Frameworks */ = {
			isa = PBXShellScriptBuildPhase;
			buildActionMask = 2147483647;
			files = (
			);
			inputFileListPaths = (
				"${PODS_ROOT}/Target Support Files/Pods-StockSymbols/Pods-StockSymbols-frameworks-${CONFIGURATION}-input-files.xcfilelist",
			);
			name = "[CP] Embed Pods Frameworks";
			outputFileListPaths = (
				"${PODS_ROOT}/Target Support Files/Pods-StockSymbols/Pods-StockSymbols-frameworks-${CONFIGURATION}-output-files.xcfilelist",
			);
			runOnlyForDeploymentPostprocessing = 0;
			shellPath = /bin/sh;
			shellScript = "\"${PODS_ROOT}/Target Support Files/Pods-StockSymbols/Pods-StockSymbols-frameworks.sh\"\n";
			showEnvVarsInLog = 0;
		};
		9BF77E5E4FE716152F5F935C /* [CP] Check Pods Manifest.lock */ = {
			isa = PBXShellScriptBuildPhase;
			buildActionMask = 2147483647;
			files = (
			);
			inputFileListPaths = (
			);
			inputPaths = (
				"${PODS_PODFILE_DIR_PATH}/Podfile.lock",
				"${PODS_ROOT}/Manifest.lock",
			);
			name = "[CP] Check Pods Manifest.lock";
			outputFileListPaths = (
			);
			outputPaths = (
				"$(DERIVED_FILE_DIR)/Pods-StockSymbols-checkManifestLockResult.txt",
			);
			runOnlyForDeploymentPostprocessing = 0;
			shellPath = /bin/sh;
			shellScript = "diff \"${PODS_PODFILE_DIR_PATH}/Podfile.lock\" \"${PODS_ROOT}/Manifest.lock\" > /dev/null\nif [ $? != 0 ] ; then\n    # print error to STDERR\n    echo \"error: The sandbox is not in sync with the Podfile.lock. Run 'pod install' or update your CocoaPods installation.\" >&2\n    exit 1\nfi\n# This output is used by Xcode 'outputs' to avoid re-running this script phase.\necho \"SUCCESS\" > \"${SCRIPT_OUTPUT_FILE_0}\"\n";
			showEnvVarsInLog = 0;
		};
		A74C186208EB931FB07001B1 /* [CP] Check Pods Manifest.lock */ = {
			isa = PBXShellScriptBuildPhase;
			buildActionMask = 2147483647;
			files = (
			);
			inputFileListPaths = (
			);
			inputPaths = (
				"${PODS_PODFILE_DIR_PATH}/Podfile.lock",
				"${PODS_ROOT}/Manifest.lock",
			);
			name = "[CP] Check Pods Manifest.lock";
			outputFileListPaths = (
			);
			outputPaths = (
				"$(DERIVED_FILE_DIR)/Pods-StockSymbols-StockSymbolsUITests-checkManifestLockResult.txt",
			);
			runOnlyForDeploymentPostprocessing = 0;
			shellPath = /bin/sh;
			shellScript = "diff \"${PODS_PODFILE_DIR_PATH}/Podfile.lock\" \"${PODS_ROOT}/Manifest.lock\" > /dev/null\nif [ $? != 0 ] ; then\n    # print error to STDERR\n    echo \"error: The sandbox is not in sync with the Podfile.lock. Run 'pod install' or update your CocoaPods installation.\" >&2\n    exit 1\nfi\n# This output is used by Xcode 'outputs' to avoid re-running this script phase.\necho \"SUCCESS\" > \"${SCRIPT_OUTPUT_FILE_0}\"\n";
			showEnvVarsInLog = 0;
		};
		AA493C64BAB8A9E988748A37 /* [CP] Check Pods Manifest.lock */ = {
			isa = PBXShellScriptBuildPhase;
			buildActionMask = 2147483647;
			files = (
			);
			inputFileListPaths = (
			);
			inputPaths = (
				"${PODS_PODFILE_DIR_PATH}/Podfile.lock",
				"${PODS_ROOT}/Manifest.lock",
			);
			name = "[CP] Check Pods Manifest.lock";
			outputFileListPaths = (
			);
			outputPaths = (
				"$(DERIVED_FILE_DIR)/Pods-StockSymbolsTests-checkManifestLockResult.txt",
			);
			runOnlyForDeploymentPostprocessing = 0;
			shellPath = /bin/sh;
			shellScript = "diff \"${PODS_PODFILE_DIR_PATH}/Podfile.lock\" \"${PODS_ROOT}/Manifest.lock\" > /dev/null\nif [ $? != 0 ] ; then\n    # print error to STDERR\n    echo \"error: The sandbox is not in sync with the Podfile.lock. Run 'pod install' or update your CocoaPods installation.\" >&2\n    exit 1\nfi\n# This output is used by Xcode 'outputs' to avoid re-running this script phase.\necho \"SUCCESS\" > \"${SCRIPT_OUTPUT_FILE_0}\"\n";
			showEnvVarsInLog = 0;
		};
		AAA0424C4B6CFF2F2F1B14DE /* [CP] Embed Pods Frameworks */ = {
			isa = PBXShellScriptBuildPhase;
			buildActionMask = 2147483647;
			files = (
			);
			inputFileListPaths = (
				"${PODS_ROOT}/Target Support Files/Pods-StockSymbols-StockSymbolsUITests/Pods-StockSymbols-StockSymbolsUITests-frameworks-${CONFIGURATION}-input-files.xcfilelist",
			);
			name = "[CP] Embed Pods Frameworks";
			outputFileListPaths = (
				"${PODS_ROOT}/Target Support Files/Pods-StockSymbols-StockSymbolsUITests/Pods-StockSymbols-StockSymbolsUITests-frameworks-${CONFIGURATION}-output-files.xcfilelist",
			);
			runOnlyForDeploymentPostprocessing = 0;
			shellPath = /bin/sh;
			shellScript = "\"${PODS_ROOT}/Target Support Files/Pods-StockSymbols-StockSymbolsUITests/Pods-StockSymbols-StockSymbolsUITests-frameworks.sh\"\n";
			showEnvVarsInLog = 0;
		};
/* End PBXShellScriptBuildPhase section */

/* Begin PBXSourcesBuildPhase section */
		1124BCEE2444FCF800AA6F2C /* Sources */ = {
			isa = PBXSourcesBuildPhase;
			buildActionMask = 2147483647;
			files = (
				1124BD3F24450A6700AA6F2C /* SymbolsRouter.swift in Sources */,
				1124BD292444FD6000AA6F2C /* SymbolTableViewCell.swift in Sources */,
				110B64872445586D005492AD /* SymbolDetailsViewController.swift in Sources */,
				1124BD3A24450A1500AA6F2C /* NetworkRouter.swift in Sources */,
				11842C3124460C9C00932E7A /* ChartTableViewCell.swift in Sources */,
				1124BD4324450E5800AA6F2C /* Symbols.swift in Sources */,
				110B64952446076F005492AD /* UITableViewCell.swift in Sources */,
				110B64812445541F005492AD /* StockRoute.swift in Sources */,
				1124BD3924450A1500AA6F2C /* NetworkError.swift in Sources */,
				1168C6202446265600B5B919 /* StockRange.swift in Sources */,
				110B647D24455058005492AD /* Stock.swift in Sources */,
				1124BCF62444FCF900AA6F2C /* AppDelegate.swift in Sources */,
				11ECD1A4244658C10011FB47 /* Connectivity.swift in Sources */,
				1124BD2D2444FD9400AA6F2C /* SymbolsListViewController.swift in Sources */,
				1124BD3824450A1500AA6F2C /* NetworkingService.swift in Sources */,
				11ECD1A22446488B0011FB47 /* UIViewController.swift in Sources */,
				1124BD4124450A7E00AA6F2C /* SymbolsListService.swift in Sources */,
				110B648324455432005492AD /* SymbolNetworkingService.swift in Sources */,
				1124BCF82444FCF900AA6F2C /* SceneDelegate.swift in Sources */,
				1124BD302445095400AA6F2C /* SymbolsListViewModel.swift in Sources */,
				110B648A24455893005492AD /* SymbolDetailsViewModel.swift in Sources */,
				110B64902446061E005492AD /* SymbolDetailTableViewCell.swift in Sources */,
				110B648C2446004A005492AD /* StockDataProcessed.swift in Sources */,
			);
			runOnlyForDeploymentPostprocessing = 0;
		};
		1124BD042444FCFD00AA6F2C /* Sources */ = {
			isa = PBXSourcesBuildPhase;
			buildActionMask = 2147483647;
			files = (
				1124BD0D2444FCFD00AA6F2C /* StockSymbolsTests.swift in Sources */,
			);
			runOnlyForDeploymentPostprocessing = 0;
		};
		1124BD0F2444FCFD00AA6F2C /* Sources */ = {
			isa = PBXSourcesBuildPhase;
			buildActionMask = 2147483647;
			files = (
				1124BD182444FCFD00AA6F2C /* StockSymbolsUITests.swift in Sources */,
			);
			runOnlyForDeploymentPostprocessing = 0;
		};
/* End PBXSourcesBuildPhase section */

/* Begin PBXTargetDependency section */
		1124BD0A2444FCFD00AA6F2C /* PBXTargetDependency */ = {
			isa = PBXTargetDependency;
			target = 1124BCF12444FCF800AA6F2C /* StockSymbols */;
			targetProxy = 1124BD092444FCFD00AA6F2C /* PBXContainerItemProxy */;
		};
		1124BD152444FCFD00AA6F2C /* PBXTargetDependency */ = {
			isa = PBXTargetDependency;
			target = 1124BCF12444FCF800AA6F2C /* StockSymbols */;
			targetProxy = 1124BD142444FCFD00AA6F2C /* PBXContainerItemProxy */;
		};
/* End PBXTargetDependency section */

/* Begin PBXVariantGroup section */
		1124BD002444FCFD00AA6F2C /* LaunchScreen.storyboard */ = {
			isa = PBXVariantGroup;
			children = (
				1124BD012444FCFD00AA6F2C /* Base */,
			);
			name = LaunchScreen.storyboard;
			sourceTree = "<group>";
		};
/* End PBXVariantGroup section */

/* Begin XCBuildConfiguration section */
		1124BD1A2444FCFD00AA6F2C /* Debug */ = {
			isa = XCBuildConfiguration;
			buildSettings = {
				ALWAYS_SEARCH_USER_PATHS = NO;
				CLANG_ANALYZER_NONNULL = YES;
				CLANG_ANALYZER_NUMBER_OBJECT_CONVERSION = YES_AGGRESSIVE;
				CLANG_CXX_LANGUAGE_STANDARD = "gnu++14";
				CLANG_CXX_LIBRARY = "libc++";
				CLANG_ENABLE_MODULES = YES;
				CLANG_ENABLE_OBJC_ARC = YES;
				CLANG_ENABLE_OBJC_WEAK = YES;
				CLANG_WARN_BLOCK_CAPTURE_AUTORELEASING = YES;
				CLANG_WARN_BOOL_CONVERSION = YES;
				CLANG_WARN_COMMA = YES;
				CLANG_WARN_CONSTANT_CONVERSION = YES;
				CLANG_WARN_DEPRECATED_OBJC_IMPLEMENTATIONS = YES;
				CLANG_WARN_DIRECT_OBJC_ISA_USAGE = YES_ERROR;
				CLANG_WARN_DOCUMENTATION_COMMENTS = YES;
				CLANG_WARN_EMPTY_BODY = YES;
				CLANG_WARN_ENUM_CONVERSION = YES;
				CLANG_WARN_INFINITE_RECURSION = YES;
				CLANG_WARN_INT_CONVERSION = YES;
				CLANG_WARN_NON_LITERAL_NULL_CONVERSION = YES;
				CLANG_WARN_OBJC_IMPLICIT_RETAIN_SELF = YES;
				CLANG_WARN_OBJC_LITERAL_CONVERSION = YES;
				CLANG_WARN_OBJC_ROOT_CLASS = YES_ERROR;
				CLANG_WARN_RANGE_LOOP_ANALYSIS = YES;
				CLANG_WARN_STRICT_PROTOTYPES = YES;
				CLANG_WARN_SUSPICIOUS_MOVE = YES;
				CLANG_WARN_UNGUARDED_AVAILABILITY = YES_AGGRESSIVE;
				CLANG_WARN_UNREACHABLE_CODE = YES;
				CLANG_WARN__DUPLICATE_METHOD_MATCH = YES;
				COPY_PHASE_STRIP = NO;
				DEBUG_INFORMATION_FORMAT = dwarf;
				ENABLE_STRICT_OBJC_MSGSEND = YES;
				ENABLE_TESTABILITY = YES;
				GCC_C_LANGUAGE_STANDARD = gnu11;
				GCC_DYNAMIC_NO_PIC = NO;
				GCC_NO_COMMON_BLOCKS = YES;
				GCC_OPTIMIZATION_LEVEL = 0;
				GCC_PREPROCESSOR_DEFINITIONS = (
					"DEBUG=1",
					"$(inherited)",
				);
				GCC_WARN_64_TO_32_BIT_CONVERSION = YES;
				GCC_WARN_ABOUT_RETURN_TYPE = YES_ERROR;
				GCC_WARN_UNDECLARED_SELECTOR = YES;
				GCC_WARN_UNINITIALIZED_AUTOS = YES_AGGRESSIVE;
				GCC_WARN_UNUSED_FUNCTION = YES;
				GCC_WARN_UNUSED_VARIABLE = YES;
				IPHONEOS_DEPLOYMENT_TARGET = 13.4;
				MTL_ENABLE_DEBUG_INFO = INCLUDE_SOURCE;
				MTL_FAST_MATH = YES;
				ONLY_ACTIVE_ARCH = YES;
				SDKROOT = iphoneos;
				SWIFT_ACTIVE_COMPILATION_CONDITIONS = DEBUG;
				SWIFT_OPTIMIZATION_LEVEL = "-Onone";
			};
			name = Debug;
		};
		1124BD1B2444FCFD00AA6F2C /* Release */ = {
			isa = XCBuildConfiguration;
			buildSettings = {
				ALWAYS_SEARCH_USER_PATHS = NO;
				CLANG_ANALYZER_NONNULL = YES;
				CLANG_ANALYZER_NUMBER_OBJECT_CONVERSION = YES_AGGRESSIVE;
				CLANG_CXX_LANGUAGE_STANDARD = "gnu++14";
				CLANG_CXX_LIBRARY = "libc++";
				CLANG_ENABLE_MODULES = YES;
				CLANG_ENABLE_OBJC_ARC = YES;
				CLANG_ENABLE_OBJC_WEAK = YES;
				CLANG_WARN_BLOCK_CAPTURE_AUTORELEASING = YES;
				CLANG_WARN_BOOL_CONVERSION = YES;
				CLANG_WARN_COMMA = YES;
				CLANG_WARN_CONSTANT_CONVERSION = YES;
				CLANG_WARN_DEPRECATED_OBJC_IMPLEMENTATIONS = YES;
				CLANG_WARN_DIRECT_OBJC_ISA_USAGE = YES_ERROR;
				CLANG_WARN_DOCUMENTATION_COMMENTS = YES;
				CLANG_WARN_EMPTY_BODY = YES;
				CLANG_WARN_ENUM_CONVERSION = YES;
				CLANG_WARN_INFINITE_RECURSION = YES;
				CLANG_WARN_INT_CONVERSION = YES;
				CLANG_WARN_NON_LITERAL_NULL_CONVERSION = YES;
				CLANG_WARN_OBJC_IMPLICIT_RETAIN_SELF = YES;
				CLANG_WARN_OBJC_LITERAL_CONVERSION = YES;
				CLANG_WARN_OBJC_ROOT_CLASS = YES_ERROR;
				CLANG_WARN_RANGE_LOOP_ANALYSIS = YES;
				CLANG_WARN_STRICT_PROTOTYPES = YES;
				CLANG_WARN_SUSPICIOUS_MOVE = YES;
				CLANG_WARN_UNGUARDED_AVAILABILITY = YES_AGGRESSIVE;
				CLANG_WARN_UNREACHABLE_CODE = YES;
				CLANG_WARN__DUPLICATE_METHOD_MATCH = YES;
				COPY_PHASE_STRIP = NO;
				DEBUG_INFORMATION_FORMAT = "dwarf-with-dsym";
				ENABLE_NS_ASSERTIONS = NO;
				ENABLE_STRICT_OBJC_MSGSEND = YES;
				GCC_C_LANGUAGE_STANDARD = gnu11;
				GCC_NO_COMMON_BLOCKS = YES;
				GCC_WARN_64_TO_32_BIT_CONVERSION = YES;
				GCC_WARN_ABOUT_RETURN_TYPE = YES_ERROR;
				GCC_WARN_UNDECLARED_SELECTOR = YES;
				GCC_WARN_UNINITIALIZED_AUTOS = YES_AGGRESSIVE;
				GCC_WARN_UNUSED_FUNCTION = YES;
				GCC_WARN_UNUSED_VARIABLE = YES;
				IPHONEOS_DEPLOYMENT_TARGET = 13.4;
				MTL_ENABLE_DEBUG_INFO = NO;
				MTL_FAST_MATH = YES;
				SDKROOT = iphoneos;
				SWIFT_COMPILATION_MODE = wholemodule;
				SWIFT_OPTIMIZATION_LEVEL = "-O";
				VALIDATE_PRODUCT = YES;
			};
			name = Release;
		};
		1124BD1D2444FCFD00AA6F2C /* Debug */ = {
			isa = XCBuildConfiguration;
			baseConfigurationReference = 271559622D84D2C93CC8B3D8 /* Pods-StockSymbols.debug.xcconfig */;
			buildSettings = {
				ASSETCATALOG_COMPILER_APPICON_NAME = AppIcon;
				CODE_SIGN_STYLE = Automatic;
				INFOPLIST_FILE = StockSymbols/Info.plist;
				LD_RUNPATH_SEARCH_PATHS = (
					"$(inherited)",
					"@executable_path/Frameworks",
				);
				PRODUCT_BUNDLE_IDENTIFIER = com.StockSymbols;
				PRODUCT_NAME = "$(TARGET_NAME)";
				SWIFT_VERSION = 5.0;
				TARGETED_DEVICE_FAMILY = "1,2";
			};
			name = Debug;
		};
		1124BD1E2444FCFD00AA6F2C /* Release */ = {
			isa = XCBuildConfiguration;
			baseConfigurationReference = 7EBF4B50640FCA1F4B71D1D9 /* Pods-StockSymbols.release.xcconfig */;
			buildSettings = {
				ASSETCATALOG_COMPILER_APPICON_NAME = AppIcon;
				CODE_SIGN_STYLE = Automatic;
				INFOPLIST_FILE = StockSymbols/Info.plist;
				LD_RUNPATH_SEARCH_PATHS = (
					"$(inherited)",
					"@executable_path/Frameworks",
				);
				PRODUCT_BUNDLE_IDENTIFIER = com.StockSymbols;
				PRODUCT_NAME = "$(TARGET_NAME)";
				SWIFT_VERSION = 5.0;
				TARGETED_DEVICE_FAMILY = "1,2";
			};
			name = Release;
		};
		1124BD202444FCFD00AA6F2C /* Debug */ = {
			isa = XCBuildConfiguration;
			baseConfigurationReference = BDB7B80366E2C811C9ABB46C /* Pods-StockSymbolsTests.debug.xcconfig */;
			buildSettings = {
				ALWAYS_EMBED_SWIFT_STANDARD_LIBRARIES = YES;
				BUNDLE_LOADER = "$(TEST_HOST)";
				CODE_SIGN_STYLE = Automatic;
				INFOPLIST_FILE = StockSymbolsTests/Info.plist;
				IPHONEOS_DEPLOYMENT_TARGET = 13.4;
				LD_RUNPATH_SEARCH_PATHS = (
					"$(inherited)",
					"@executable_path/Frameworks",
					"@loader_path/Frameworks",
				);
				PRODUCT_BUNDLE_IDENTIFIER = com.StockSymbolsTests;
				PRODUCT_NAME = "$(TARGET_NAME)";
				SWIFT_VERSION = 5.0;
				TARGETED_DEVICE_FAMILY = "1,2";
				TEST_HOST = "$(BUILT_PRODUCTS_DIR)/StockSymbols.app/StockSymbols";
			};
			name = Debug;
		};
		1124BD212444FCFD00AA6F2C /* Release */ = {
			isa = XCBuildConfiguration;
			baseConfigurationReference = C5A287F137CDF123ACCC6894 /* Pods-StockSymbolsTests.release.xcconfig */;
			buildSettings = {
				ALWAYS_EMBED_SWIFT_STANDARD_LIBRARIES = YES;
				BUNDLE_LOADER = "$(TEST_HOST)";
				CODE_SIGN_STYLE = Automatic;
				INFOPLIST_FILE = StockSymbolsTests/Info.plist;
				IPHONEOS_DEPLOYMENT_TARGET = 13.4;
				LD_RUNPATH_SEARCH_PATHS = (
					"$(inherited)",
					"@executable_path/Frameworks",
					"@loader_path/Frameworks",
				);
				PRODUCT_BUNDLE_IDENTIFIER = com.StockSymbolsTests;
				PRODUCT_NAME = "$(TARGET_NAME)";
				SWIFT_VERSION = 5.0;
				TARGETED_DEVICE_FAMILY = "1,2";
				TEST_HOST = "$(BUILT_PRODUCTS_DIR)/StockSymbols.app/StockSymbols";
			};
			name = Release;
		};
		1124BD232444FCFD00AA6F2C /* Debug */ = {
			isa = XCBuildConfiguration;
			baseConfigurationReference = 53DC7096C7AEFB2DE4FE4DBC /* Pods-StockSymbols-StockSymbolsUITests.debug.xcconfig */;
			buildSettings = {
				ALWAYS_EMBED_SWIFT_STANDARD_LIBRARIES = YES;
				CODE_SIGN_STYLE = Automatic;
				INFOPLIST_FILE = StockSymbolsUITests/Info.plist;
				LD_RUNPATH_SEARCH_PATHS = (
					"$(inherited)",
					"@executable_path/Frameworks",
					"@loader_path/Frameworks",
				);
				PRODUCT_BUNDLE_IDENTIFIER = com.StockSymbolsUITests;
				PRODUCT_NAME = "$(TARGET_NAME)";
				SWIFT_VERSION = 5.0;
				TARGETED_DEVICE_FAMILY = "1,2";
				TEST_TARGET_NAME = StockSymbols;
			};
			name = Debug;
		};
		1124BD242444FCFD00AA6F2C /* Release */ = {
			isa = XCBuildConfiguration;
			baseConfigurationReference = 3D747ECBB3C89C6C4B3A3AA1 /* Pods-StockSymbols-StockSymbolsUITests.release.xcconfig */;
			buildSettings = {
				ALWAYS_EMBED_SWIFT_STANDARD_LIBRARIES = YES;
				CODE_SIGN_STYLE = Automatic;
				INFOPLIST_FILE = StockSymbolsUITests/Info.plist;
				LD_RUNPATH_SEARCH_PATHS = (
					"$(inherited)",
					"@executable_path/Frameworks",
					"@loader_path/Frameworks",
				);
				PRODUCT_BUNDLE_IDENTIFIER = com.StockSymbolsUITests;
				PRODUCT_NAME = "$(TARGET_NAME)";
				SWIFT_VERSION = 5.0;
				TARGETED_DEVICE_FAMILY = "1,2";
				TEST_TARGET_NAME = StockSymbols;
			};
			name = Release;
		};
/* End XCBuildConfiguration section */

/* Begin XCConfigurationList section */
		1124BCED2444FCF800AA6F2C /* Build configuration list for PBXProject "StockSymbols" */ = {
			isa = XCConfigurationList;
			buildConfigurations = (
				1124BD1A2444FCFD00AA6F2C /* Debug */,
				1124BD1B2444FCFD00AA6F2C /* Release */,
			);
			defaultConfigurationIsVisible = 0;
			defaultConfigurationName = Release;
		};
		1124BD1C2444FCFD00AA6F2C /* Build configuration list for PBXNativeTarget "StockSymbols" */ = {
			isa = XCConfigurationList;
			buildConfigurations = (
				1124BD1D2444FCFD00AA6F2C /* Debug */,
				1124BD1E2444FCFD00AA6F2C /* Release */,
			);
			defaultConfigurationIsVisible = 0;
			defaultConfigurationName = Release;
		};
		1124BD1F2444FCFD00AA6F2C /* Build configuration list for PBXNativeTarget "StockSymbolsTests" */ = {
			isa = XCConfigurationList;
			buildConfigurations = (
				1124BD202444FCFD00AA6F2C /* Debug */,
				1124BD212444FCFD00AA6F2C /* Release */,
			);
			defaultConfigurationIsVisible = 0;
			defaultConfigurationName = Release;
		};
		1124BD222444FCFD00AA6F2C /* Build configuration list for PBXNativeTarget "StockSymbolsUITests" */ = {
			isa = XCConfigurationList;
			buildConfigurations = (
				1124BD232444FCFD00AA6F2C /* Debug */,
				1124BD242444FCFD00AA6F2C /* Release */,
			);
			defaultConfigurationIsVisible = 0;
			defaultConfigurationName = Release;
		};
/* End XCConfigurationList section */
	};
	rootObject = 1124BCEA2444FCF800AA6F2C /* Project object */;
}
